
Microsoft Visual Studio Solution File, Format Version 12.00
# Visual Studio Version 17
VisualStudioVersion = 17.1.32421.90
MinimumVisualStudioVersion = 10.0.40219.1
Project("{9A19103F-16F7-4668-BE54-9A1E7A4F7556}") = "WorkerServiceExample", "WorkerServiceExample\WorkerServiceExample.csproj", "{A925450F-1C8D-4C2C-A746-2A8CA6725740}"
EndProject
Global
	GlobalSection(SolutionConfigurationPlatforms) = preSolution
		Debug|Any CPU = Debug|Any CPU
		Release|Any CPU = Release|Any CPU
	EndGlobalSection
	GlobalSection(ProjectConfigurationPlatforms) = postSolution
		{A925450F-1C8D-4C2C-A746-2A8CA6725740}.Debug|Any CPU.ActiveCfg = Debug|Any CPU
		{A925450F-1C8D-4C2C-A746-2A8CA6725740}.Debug|Any CPU.Build.0 = Debug|Any CPU
		{A925450F-1C8D-4C2C-A746-2A8CA6725740}.Release|Any CPU.ActiveCfg = Release|Any CPU
		{A925450F-1C8D-4C2C-A746-2A8CA6725740}.Release|Any CPU.Build.0 = Release|Any CPU
	EndGlobalSection
	GlobalSection(SolutionProperties) = preSolution
		HideSolutionNode = FALSE
	EndGlobalSection
	GlobalSection(ExtensibilityGlobals) = postSolution
		SolutionGuid = {B5E640E9-B4E6-4555-8E04-FD16C3668769}
	EndGlobalSection
EndGlobal
