
Microsoft Visual Studio Solution File, Format Version 12.00
# Visual Studio Version 17
VisualStudioVersion = 17.1.32421.90
MinimumVisualStudioVersion = 10.0.40219.1
Project("{9A19103F-16F7-4668-BE54-9A1E7A4F7556}") = "MailKitSimplified.Sender", "..\source\MailKitSimplified.Sender\MailKitSimplified.Sender.csproj", "{374BB83A-06BA-434A-9FB3-6F636506CD62}"
EndProject
Project("{9A19103F-16F7-4668-BE54-9A1E7A4F7556}") = "MailKitSimplified.Sender.Tests", "..\tests\MailKitSimplified.Sender.Tests\MailKitSimplified.Sender.Tests.csproj", "{A18AA6A6-D42B-44D9-8375-25C45B8B5C99}"
EndProject
Project("{9A19103F-16F7-4668-BE54-9A1E7A4F7556}") = "MailKitSimplified.Receiver", "..\source\MailKitSimplified.Receiver\MailKitSimplified.Receiver.csproj", "{5C600194-3166-445F-86AE-3C249DDABDC9}"
EndProject
Project("{9A19103F-16F7-4668-BE54-9A1E7A4F7556}") = "MailKitSimplified.Receiver.Tests", "..\tests\MailKitSimplified.Receiver.Tests\MailKitSimplified.Receiver.Tests.csproj", "{9A773874-635F-40CF-8186-59ED9F7303A1}"
EndProject
Project("{9A19103F-16F7-4668-BE54-9A1E7A4F7556}") = "ConsoleServiceExample", "ConsoleServiceExample\ConsoleServiceExample.csproj", "{D4E6836D-034D-419C-97A2-EA01BB3557B1}"
EndProject
Project("{9A19103F-16F7-4668-BE54-9A1E7A4F7556}") = "MailKitSimplified.Core", "..\source\MailKitSimplified.Core\MailKitSimplified.Core.csproj", "{F58D05E4-9D5F-4E94-ACBA-3AE4388A472C}"
EndProject
Global
	GlobalSection(SolutionConfigurationPlatforms) = preSolution
		Debug|Any CPU = Debug|Any CPU
		Release|Any CPU = Release|Any CPU
	EndGlobalSection
	GlobalSection(ProjectConfigurationPlatforms) = postSolution
		{374BB83A-06BA-434A-9FB3-6F636506CD62}.Debug|Any CPU.ActiveCfg = Debug|Any CPU
		{374BB83A-06BA-434A-9FB3-6F636506CD62}.Debug|Any CPU.Build.0 = Debug|Any CPU
		{374BB83A-06BA-434A-9FB3-6F636506CD62}.Release|Any CPU.ActiveCfg = Release|Any CPU
		{374BB83A-06BA-434A-9FB3-6F636506CD62}.Release|Any CPU.Build.0 = Release|Any CPU
		{A18AA6A6-D42B-44D9-8375-25C45B8B5C99}.Debug|Any CPU.ActiveCfg = Debug|Any CPU
		{A18AA6A6-D42B-44D9-8375-25C45B8B5C99}.Debug|Any CPU.Build.0 = Debug|Any CPU
		{A18AA6A6-D42B-44D9-8375-25C45B8B5C99}.Release|Any CPU.ActiveCfg = Release|Any CPU
		{A18AA6A6-D42B-44D9-8375-25C45B8B5C99}.Release|Any CPU.Build.0 = Release|Any CPU
		{5C600194-3166-445F-86AE-3C249DDABDC9}.Debug|Any CPU.ActiveCfg = Debug|Any CPU
		{5C600194-3166-445F-86AE-3C249DDABDC9}.Debug|Any CPU.Build.0 = Debug|Any CPU
		{5C600194-3166-445F-86AE-3C249DDABDC9}.Release|Any CPU.ActiveCfg = Release|Any CPU
		{5C600194-3166-445F-86AE-3C249DDABDC9}.Release|Any CPU.Build.0 = Release|Any CPU
		{9A773874-635F-40CF-8186-59ED9F7303A1}.Debug|Any CPU.ActiveCfg = Debug|Any CPU
		{9A773874-635F-40CF-8186-59ED9F7303A1}.Debug|Any CPU.Build.0 = Debug|Any CPU
		{9A773874-635F-40CF-8186-59ED9F7303A1}.Release|Any CPU.ActiveCfg = Release|Any CPU
		{9A773874-635F-40CF-8186-59ED9F7303A1}.Release|Any CPU.Build.0 = Release|Any CPU
		{D4E6836D-034D-419C-97A2-EA01BB3557B1}.Debug|Any CPU.ActiveCfg = Debug|Any CPU
		{D4E6836D-034D-419C-97A2-EA01BB3557B1}.Debug|Any CPU.Build.0 = Debug|Any CPU
		{D4E6836D-034D-419C-97A2-EA01BB3557B1}.Release|Any CPU.ActiveCfg = Release|Any CPU
		{D4E6836D-034D-419C-97A2-EA01BB3557B1}.Release|Any CPU.Build.0 = Release|Any CPU
		{F58D05E4-9D5F-4E94-ACBA-3AE4388A472C}.Debug|Any CPU.ActiveCfg = Debug|Any CPU
		{F58D05E4-9D5F-4E94-ACBA-3AE4388A472C}.Debug|Any CPU.Build.0 = Debug|Any CPU
		{F58D05E4-9D5F-4E94-ACBA-3AE4388A472C}.Release|Any CPU.ActiveCfg = Release|Any CPU
		{F58D05E4-9D5F-4E94-ACBA-3AE4388A472C}.Release|Any CPU.Build.0 = Release|Any CPU
	EndGlobalSection
	GlobalSection(SolutionProperties) = preSolution
		HideSolutionNode = FALSE
	EndGlobalSection
	GlobalSection(ExtensibilityGlobals) = postSolution
		SolutionGuid = {B5E640E9-B4E6-4555-8E04-FD16C3668769}
	EndGlobalSection
EndGlobal
