
Microsoft Visual Studio Solution File, Format Version 12.00
# Visual Studio Version 17
VisualStudioVersion = 17.0.32112.339
MinimumVisualStudioVersion = 10.0.40219.1
Project("{9A19103F-16F7-4668-BE54-9A1E7A4F7556}") = "EmailWpfApp", "EmailWpfApp\EmailWpfApp.csproj", "{92B663B8-FFEB-444C-95D1-09DE6771E331}"
EndProject
Project("{9A19103F-16F7-4668-BE54-9A1E7A4F7556}") = "MailKitSimplified.Receiver", "..\source\MailKitSimplified.Receiver\MailKitSimplified.Receiver.csproj", "{6CB277AA-5475-4882-B616-4170F1E67127}"
EndProject
Project("{9A19103F-16F7-4668-BE54-9A1E7A4F7556}") = "MailKitSimplified.Sender", "..\source\MailKitSimplified.Sender\MailKitSimplified.Sender.csproj", "{62E73C5A-07D1-455B-9277-4DDB5B244CE4}"
EndProject
Project("{9A19103F-16F7-4668-BE54-9A1E7A4F7556}") = "MailKitSimplified.Receiver.Tests", "..\tests\MailKitSimplified.Receiver.Tests\MailKitSimplified.Receiver.Tests.csproj", "{B73F48C4-7BCB-43CA-A3DB-76D543E0C1B1}"
EndProject
Project("{9A19103F-16F7-4668-BE54-9A1E7A4F7556}") = "MailKitSimplified.Sender.Tests", "..\tests\MailKitSimplified.Sender.Tests\MailKitSimplified.Sender.Tests.csproj", "{ABB5675F-F96B-4CFB-9B13-130924172662}"
EndProject
Project("{9A19103F-16F7-4668-BE54-9A1E7A4F7556}") = "MailKitSimplified.Email", "..\source\MailKitSimplified.Email\MailKitSimplified.Email.csproj", "{2AA310A1-E57A-401B-9A22-E371EBA769C9}"
EndProject
Project("{9A19103F-16F7-4668-BE54-9A1E7A4F7556}") = "MailKitSimplified.Generic", "..\source\MailKitSimplified.Generic\MailKitSimplified.Generic.csproj", "{B6C5DBAB-6175-4997-BD12-D93585F5060E}"
EndProject
Global
	GlobalSection(SolutionConfigurationPlatforms) = preSolution
		Debug|Any CPU = Debug|Any CPU
		Release|Any CPU = Release|Any CPU
	EndGlobalSection
	GlobalSection(ProjectConfigurationPlatforms) = postSolution
		{92B663B8-FFEB-444C-95D1-09DE6771E331}.Debug|Any CPU.ActiveCfg = Debug|Any CPU
		{92B663B8-FFEB-444C-95D1-09DE6771E331}.Debug|Any CPU.Build.0 = Debug|Any CPU
		{92B663B8-FFEB-444C-95D1-09DE6771E331}.Release|Any CPU.ActiveCfg = Release|Any CPU
		{92B663B8-FFEB-444C-95D1-09DE6771E331}.Release|Any CPU.Build.0 = Release|Any CPU
		{6CB277AA-5475-4882-B616-4170F1E67127}.Debug|Any CPU.ActiveCfg = Debug|Any CPU
		{6CB277AA-5475-4882-B616-4170F1E67127}.Debug|Any CPU.Build.0 = Debug|Any CPU
		{6CB277AA-5475-4882-B616-4170F1E67127}.Release|Any CPU.ActiveCfg = Release|Any CPU
		{6CB277AA-5475-4882-B616-4170F1E67127}.Release|Any CPU.Build.0 = Release|Any CPU
		{62E73C5A-07D1-455B-9277-4DDB5B244CE4}.Debug|Any CPU.ActiveCfg = Debug|Any CPU
		{62E73C5A-07D1-455B-9277-4DDB5B244CE4}.Debug|Any CPU.Build.0 = Debug|Any CPU
		{62E73C5A-07D1-455B-9277-4DDB5B244CE4}.Release|Any CPU.ActiveCfg = Release|Any CPU
		{62E73C5A-07D1-455B-9277-4DDB5B244CE4}.Release|Any CPU.Build.0 = Release|Any CPU
		{B73F48C4-7BCB-43CA-A3DB-76D543E0C1B1}.Debug|Any CPU.ActiveCfg = Debug|Any CPU
		{B73F48C4-7BCB-43CA-A3DB-76D543E0C1B1}.Debug|Any CPU.Build.0 = Debug|Any CPU
		{B73F48C4-7BCB-43CA-A3DB-76D543E0C1B1}.Release|Any CPU.ActiveCfg = Release|Any CPU
		{B73F48C4-7BCB-43CA-A3DB-76D543E0C1B1}.Release|Any CPU.Build.0 = Release|Any CPU
		{ABB5675F-F96B-4CFB-9B13-130924172662}.Debug|Any CPU.ActiveCfg = Debug|Any CPU
		{ABB5675F-F96B-4CFB-9B13-130924172662}.Debug|Any CPU.Build.0 = Debug|Any CPU
		{ABB5675F-F96B-4CFB-9B13-130924172662}.Release|Any CPU.ActiveCfg = Release|Any CPU
		{ABB5675F-F96B-4CFB-9B13-130924172662}.Release|Any CPU.Build.0 = Release|Any CPU
		{2AA310A1-E57A-401B-9A22-E371EBA769C9}.Debug|Any CPU.ActiveCfg = Debug|Any CPU
		{2AA310A1-E57A-401B-9A22-E371EBA769C9}.Debug|Any CPU.Build.0 = Debug|Any CPU
		{2AA310A1-E57A-401B-9A22-E371EBA769C9}.Release|Any CPU.ActiveCfg = Release|Any CPU
		{2AA310A1-E57A-401B-9A22-E371EBA769C9}.Release|Any CPU.Build.0 = Release|Any CPU
		{B6C5DBAB-6175-4997-BD12-D93585F5060E}.Debug|Any CPU.ActiveCfg = Debug|Any CPU
		{B6C5DBAB-6175-4997-BD12-D93585F5060E}.Debug|Any CPU.Build.0 = Debug|Any CPU
		{B6C5DBAB-6175-4997-BD12-D93585F5060E}.Release|Any CPU.ActiveCfg = Release|Any CPU
		{B6C5DBAB-6175-4997-BD12-D93585F5060E}.Release|Any CPU.Build.0 = Release|Any CPU
	EndGlobalSection
	GlobalSection(SolutionProperties) = preSolution
		HideSolutionNode = FALSE
	EndGlobalSection
	GlobalSection(ExtensibilityGlobals) = postSolution
		SolutionGuid = {7D283673-1757-4033-8B87-11405EC3E778}
	EndGlobalSection
EndGlobal
